
Microsoft Visual Studio Solution File, Format Version 12.00
# Visual Studio Version 16
VisualStudioVersion = 16.0.31729.503
MinimumVisualStudioVersion = 10.0.40219.1
Project("{FAE04EC0-301F-11D3-BF4B-00C04F79EFBC}") = "ActionsWithAgents", "ActionsWithAgents\ActionsWithAgents.csproj", "{C548FF0B-3193-4AA7-860A-924844712A85}"
EndProject
Global
	GlobalSection(SolutionConfigurationPlatforms) = preSolution
		Debug|Any CPU = Debug|Any CPU
		Release|Any CPU = Release|Any CPU
	EndGlobalSection
	GlobalSection(ProjectConfigurationPlatforms) = postSolution
		{C548FF0B-3193-4AA7-860A-924844712A85}.Debug|Any CPU.ActiveCfg = Debug|Any CPU
		{C548FF0B-3193-4AA7-860A-924844712A85}.Debug|Any CPU.Build.0 = Debug|Any CPU
		{C548FF0B-3193-4AA7-860A-924844712A85}.Release|Any CPU.ActiveCfg = Release|Any CPU
		{C548FF0B-3193-4AA7-860A-924844712A85}.Release|Any CPU.Build.0 = Release|Any CPU
	EndGlobalSection
	GlobalSection(SolutionProperties) = preSolution
		HideSolutionNode = FALSE
	EndGlobalSection
	GlobalSection(ExtensibilityGlobals) = postSolution
		SolutionGuid = {D78B9045-1E81-4BA1-82FB-458CD9E9F22F}
	EndGlobalSection
EndGlobal
